// !$*UTF8*$!
{
	archiveVersion = 1;
	classes = {
	};
	objectVersion = 46;
	objects = {

/* Begin PBXBuildFile section */
		D711D1E81EA9F59D00DB4F70 /* AppDelegate.swift in Sources */ = {isa = PBXBuildFile; fileRef = D711D1E71EA9F59D00DB4F70 /* AppDelegate.swift */; };
		D711D1EA1EA9F59D00DB4F70 /* ViewController.swift in Sources */ = {isa = PBXBuildFile; fileRef = D711D1E91EA9F59D00DB4F70 /* ViewController.swift */; };
		D711D1ED1EA9F59D00DB4F70 /* Main.storyboard in Resources */ = {isa = PBXBuildFile; fileRef = D711D1EB1EA9F59D00DB4F70 /* Main.storyboard */; };
		D711D1F01EA9F59D00DB4F70 /* CKIndicatorViewTest.xcdatamodeld in Sources */ = {isa = PBXBuildFile; fileRef = D711D1EE1EA9F59D00DB4F70 /* CKIndicatorViewTest.xcdatamodeld */; };
		D711D1F21EA9F59D00DB4F70 /* Assets.xcassets in Resources */ = {isa = PBXBuildFile; fileRef = D711D1F11EA9F59D00DB4F70 /* Assets.xcassets */; };
		D711D1F51EA9F59D00DB4F70 /* LaunchScreen.storyboard in Resources */ = {isa = PBXBuildFile; fileRef = D711D1F31EA9F59D00DB4F70 /* LaunchScreen.storyboard */; };
/* End PBXBuildFile section */

/* Begin PBXFileReference section */
		D711D1E41EA9F59D00DB4F70 /* CKIndicatorViewTest.app */ = {isa = PBXFileReference; explicitFileType = wrapper.application; includeInIndex = 0; path = CKIndicatorViewTest.app; sourceTree = BUILT_PRODUCTS_DIR; };
		D711D1E71EA9F59D00DB4F70 /* AppDelegate.swift */ = {isa = PBXFileReference; lastKnownFileType = sourcecode.swift; path = AppDelegate.swift; sourceTree = "<group>"; };
		D711D1E91EA9F59D00DB4F70 /* ViewController.swift */ = {isa = PBXFileReference; lastKnownFileType = sourcecode.swift; path = ViewController.swift; sourceTree = "<group>"; };
		D711D1EC1EA9F59D00DB4F70 /* Base */ = {isa = PBXFileReference; lastKnownFileType = file.storyboard; name = Base; path = Base.lproj/Main.storyboard; sourceTree = "<group>"; };
		D711D1EF1EA9F59D00DB4F70 /* CKIndicatorViewTest.xcdatamodel */ = {isa = PBXFileReference; lastKnownFileType = wrapper.xcdatamodel; path = CKIndicatorViewTest.xcdatamodel; sourceTree = "<group>"; };
		D711D1F11EA9F59D00DB4F70 /* Assets.xcassets */ = {isa = PBXFileReference; lastKnownFileType = folder.assetcatalog; path = Assets.xcassets; sourceTree = "<group>"; };
		D711D1F41EA9F59D00DB4F70 /* Base */ = {isa = PBXFileReference; lastKnownFileType = file.storyboard; name = Base; path = Base.lproj/LaunchScreen.storyboard; sourceTree = "<group>"; };
		D711D1F61EA9F59D00DB4F70 /* Info.plist */ = {isa = PBXFileReference; lastKnownFileType = text.plist.xml; path = Info.plist; sourceTree = "<group>"; };
/* End PBXFileReference section */

/* Begin PBXFrameworksBuildPhase section */
		D711D1E11EA9F59D00DB4F70 /* Frameworks */ = {
			isa = PBXFrameworksBuildPhase;
			buildActionMask = 2147483647;
			files = (
			);
			runOnlyForDeploymentPostprocessing = 0;
		};
/* End PBXFrameworksBuildPhase section */

/* Begin PBXGroup section */
		D711D1DB1EA9F59D00DB4F70 = {
			isa = PBXGroup;
			children = (
				D711D1E61EA9F59D00DB4F70 /* CKIndicatorViewTest */,
				D711D1E51EA9F59D00DB4F70 /* Products */,
				D77AB6661EAA064E0050C17C /* Frameworks */,
			);
			sourceTree = "<group>";
		};
		D711D1E51EA9F59D00DB4F70 /* Products */ = {
			isa = PBXGroup;
			children = (
				D711D1E41EA9F59D00DB4F70 /* CKIndicatorViewTest.app */,
			);
			name = Products;
			sourceTree = "<group>";
		};
		D711D1E61EA9F59D00DB4F70 /* CKIndicatorViewTest */ = {
			isa = PBXGroup;
			children = (
				D711D1E71EA9F59D00DB4F70 /* AppDelegate.swift */,
				D711D1E91EA9F59D00DB4F70 /* ViewController.swift */,
				D711D1EB1EA9F59D00DB4F70 /* Main.storyboard */,
				D711D1F11EA9F59D00DB4F70 /* Assets.xcassets */,
				D711D1F31EA9F59D00DB4F70 /* LaunchScreen.storyboard */,
				D711D1F61EA9F59D00DB4F70 /* Info.plist */,
				D711D1EE1EA9F59D00DB4F70 /* CKIndicatorViewTest.xcdatamodeld */,
			);
			path = CKIndicatorViewTest;
			sourceTree = "<group>";
		};
		D77AB6661EAA064E0050C17C /* Frameworks */ = {
			isa = PBXGroup;
			children = (
			);
			name = Frameworks;
			sourceTree = "<group>";
		};
/* End PBXGroup section */

/* Begin PBXNativeTarget section */
		D711D1E31EA9F59D00DB4F70 /* CKIndicatorViewTest */ = {
			isa = PBXNativeTarget;
			buildConfigurationList = D711D1F91EA9F59D00DB4F70 /* Build configuration list for PBXNativeTarget "CKIndicatorViewTest" */;
			buildPhases = (
				D711D1E01EA9F59D00DB4F70 /* Sources */,
				D711D1E11EA9F59D00DB4F70 /* Frameworks */,
				D711D1E21EA9F59D00DB4F70 /* Resources */,
			);
			buildRules = (
			);
			dependencies = (
			);
			name = CKIndicatorViewTest;
			productName = CKIndicatorViewTest;
			productReference = D711D1E41EA9F59D00DB4F70 /* CKIndicatorViewTest.app */;
			productType = "com.apple.product-type.application";
		};
/* End PBXNativeTarget section */

/* Begin PBXProject section */
		D711D1DC1EA9F59D00DB4F70 /* Project object */ = {
			isa = PBXProject;
			attributes = {
				LastSwiftUpdateCheck = 0830;
				LastUpgradeCheck = 0830;
				ORGANIZATIONNAME = "Channing Kuo";
				TargetAttributes = {
					D711D1E31EA9F59D00DB4F70 = {
						CreatedOnToolsVersion = 8.3;
						ProvisioningStyle = Automatic;
					};
				};
			};
			buildConfigurationList = D711D1DF1EA9F59D00DB4F70 /* Build configuration list for PBXProject "CKIndicatorViewTest" */;
			compatibilityVersion = "Xcode 3.2";
			developmentRegion = English;
			hasScannedForEncodings = 0;
			knownRegions = (
				en,
				Base,
			);
			mainGroup = D711D1DB1EA9F59D00DB4F70;
			productRefGroup = D711D1E51EA9F59D00DB4F70 /* Products */;
			projectDirPath = "";
			projectRoot = "";
			targets = (
				D711D1E31EA9F59D00DB4F70 /* CKIndicatorViewTest */,
			);
		};
/* End PBXProject section */

/* Begin PBXResourcesBuildPhase section */
		D711D1E21EA9F59D00DB4F70 /* Resources */ = {
			isa = PBXResourcesBuildPhase;
			buildActionMask = 2147483647;
			files = (
				D711D1F51EA9F59D00DB4F70 /* LaunchScreen.storyboard in Resources */,
				D711D1F21EA9F59D00DB4F70 /* Assets.xcassets in Resources */,
				D711D1ED1EA9F59D00DB4F70 /* Main.storyboard in Resources */,
			);
			runOnlyForDeploymentPostprocessing = 0;
		};
/* End PBXResourcesBuildPhase section */

/* Begin PBXSourcesBuildPhase section */
		D711D1E01EA9F59D00DB4F70 /* Sources */ = {
			isa = PBXSourcesBuildPhase;
			buildActionMask = 2147483647;
			files = (
				D711D1EA1EA9F59D00DB4F70 /* ViewController.swift in Sources */,
				D711D1F01EA9F59D00DB4F70 /* CKIndicatorViewTest.xcdatamodeld in Sources */,
				D711D1E81EA9F59D00DB4F70 /* AppDelegate.swift in Sources */,
			);
			runOnlyForDeploymentPostprocessing = 0;
		};
/* End PBXSourcesBuildPhase section */

/* Begin PBXVariantGroup section */
		D711D1EB1EA9F59D00DB4F70 /* Main.storyboard */ = {
			isa = PBXVariantGroup;
			children = (
				D711D1EC1EA9F59D00DB4F70 /* Base */,
			);
			name = Main.storyboard;
			sourceTree = "<group>";
		};
		D711D1F31EA9F59D00DB4F70 /* LaunchScreen.storyboard */ = {
			isa = PBXVariantGroup;
			children = (
				D711D1F41EA9F59D00DB4F70 /* Base */,
			);
			name = LaunchScreen.storyboard;
			sourceTree = "<group>";
		};
/* End PBXVariantGroup section */

/* Begin XCBuildConfiguration section */
		D711D1F71EA9F59D00DB4F70 /* Debug */ = {
			isa = XCBuildConfiguration;
			buildSettings = {
				ALWAYS_SEARCH_USER_PATHS = NO;
				CLANG_ANALYZER_NONNULL = YES;
				CLANG_ANALYZER_NUMBER_OBJECT_CONVERSION = YES_AGGRESSIVE;
				CLANG_CXX_LANGUAGE_STANDARD = "gnu++0x";
				CLANG_CXX_LIBRARY = "libc++";
				CLANG_ENABLE_MODULES = YES;
				CLANG_ENABLE_OBJC_ARC = YES;
				CLANG_WARN_BOOL_CONVERSION = YES;
				CLANG_WARN_CONSTANT_CONVERSION = YES;
				CLANG_WARN_DIRECT_OBJC_ISA_USAGE = YES_ERROR;
				CLANG_WARN_DOCUMENTATION_COMMENTS = YES;
				CLANG_WARN_EMPTY_BODY = YES;
				CLANG_WARN_ENUM_CONVERSION = YES;
				CLANG_WARN_INFINITE_RECURSION = YES;
				CLANG_WARN_INT_CONVERSION = YES;
				CLANG_WARN_OBJC_ROOT_CLASS = YES_ERROR;
				CLANG_WARN_SUSPICIOUS_MOVE = YES;
				CLANG_WARN_UNREACHABLE_CODE = YES;
				CLANG_WARN__DUPLICATE_METHOD_MATCH = YES;
				"CODE_SIGN_IDENTITY[sdk=iphoneos*]" = "iPhone Developer";
				COPY_PHASE_STRIP = NO;
				DEBUG_INFORMATION_FORMAT = dwarf;
				ENABLE_STRICT_OBJC_MSGSEND = YES;
				ENABLE_TESTABILITY = YES;
				GCC_C_LANGUAGE_STANDARD = gnu99;
				GCC_DYNAMIC_NO_PIC = NO;
				GCC_NO_COMMON_BLOCKS = YES;
				GCC_OPTIMIZATION_LEVEL = 0;
				GCC_PREPROCESSOR_DEFINITIONS = (
					"DEBUG=1",
					"$(inherited)",
				);
				GCC_WARN_64_TO_32_BIT_CONVERSION = YES;
				GCC_WARN_ABOUT_RETURN_TYPE = YES_ERROR;
				GCC_WARN_UNDECLARED_SELECTOR = YES;
				GCC_WARN_UNINITIALIZED_AUTOS = YES_AGGRESSIVE;
				GCC_WARN_UNUSED_FUNCTION = YES;
				GCC_WARN_UNUSED_VARIABLE = YES;
				IPHONEOS_DEPLOYMENT_TARGET = 10.3;
				MTL_ENABLE_DEBUG_INFO = YES;
				ONLY_ACTIVE_ARCH = YES;
				SDKROOT = iphoneos;
				SWIFT_ACTIVE_COMPILATION_CONDITIONS = DEBUG;
				SWIFT_OPTIMIZATION_LEVEL = "-Onone";
			};
			name = Debug;
		};
		D711D1F81EA9F59D00DB4F70 /* Release */ = {
			isa = XCBuildConfiguration;
			buildSettings = {
				ALWAYS_SEARCH_USER_PATHS = NO;
				CLANG_ANALYZER_NONNULL = YES;
				CLANG_ANALYZER_NUMBER_OBJECT_CONVERSION = YES_AGGRESSIVE;
				CLANG_CXX_LANGUAGE_STANDARD = "gnu++0x";
				CLANG_CXX_LIBRARY = "libc++";
				CLANG_ENABLE_MODULES = YES;
				CLANG_ENABLE_OBJC_ARC = YES;
				CLANG_WARN_BOOL_CONVERSION = YES;
				CLANG_WARN_CONSTANT_CONVERSION = YES;
				CLANG_WARN_DIRECT_OBJC_ISA_USAGE = YES_ERROR;
				CLANG_WARN_DOCUMENTATION_COMMENTS = YES;
				CLANG_WARN_EMPTY_BODY = YES;
				CLANG_WARN_ENUM_CONVERSION = YES;
				CLANG_WARN_INFINITE_RECURSION = YES;
				CLANG_WARN_INT_CONVERSION = YES;
				CLANG_WARN_OBJC_ROOT_CLASS = YES_ERROR;
				CLANG_WARN_SUSPICIOUS_MOVE = YES;
				CLANG_WARN_UNREACHABLE_CODE = YES;
				CLANG_WARN__DUPLICATE_METHOD_MATCH = YES;
				"CODE_SIGN_IDENTITY[sdk=iphoneos*]" = "iPhone Developer";
				COPY_PHASE_STRIP = NO;
				DEBUG_INFORMATION_FORMAT = "dwarf-with-dsym";
				ENABLE_NS_ASSERTIONS = NO;
				ENABLE_STRICT_OBJC_MSGSEND = YES;
				GCC_C_LANGUAGE_STANDARD = gnu99;
				GCC_NO_COMMON_BLOCKS = YES;
				GCC_WARN_64_TO_32_BIT_CONVERSION = YES;
				GCC_WARN_ABOUT_RETURN_TYPE = YES_ERROR;
				GCC_WARN_UNDECLARED_SELECTOR = YES;
				GCC_WARN_UNINITIALIZED_AUTOS = YES_AGGRESSIVE;
				GCC_WARN_UNUSED_FUNCTION = YES;
				GCC_WARN_UNUSED_VARIABLE = YES;
				IPHONEOS_DEPLOYMENT_TARGET = 10.3;
				MTL_ENABLE_DEBUG_INFO = NO;
				SDKROOT = iphoneos;
				SWIFT_OPTIMIZATION_LEVEL = "-Owholemodule";
				VALIDATE_PRODUCT = YES;
			};
			name = Release;
		};
		D711D1FA1EA9F59D00DB4F70 /* Debug */ = {
			isa = XCBuildConfiguration;
			buildSettings = {
				ASSETCATALOG_COMPILER_APPICON_NAME = AppIcon;
				INFOPLIST_FILE = CKIndicatorViewTest/Info.plist;
				IPHONEOS_DEPLOYMENT_TARGET = 10.0;
				LD_RUNPATH_SEARCH_PATHS = "$(inherited) @executable_path/Frameworks";
				PRODUCT_BUNDLE_IDENTIFIER = "Channing-Kuo.CKIndicatorViewTest";
				PRODUCT_NAME = "$(TARGET_NAME)";
				SWIFT_VERSION = 3.0;
			};
			name = Debug;
		};
		D711D1FB1EA9F59D00DB4F70 /* Release */ = {
			isa = XCBuildConfiguration;
			buildSettings = {
				ASSETCATALOG_COMPILER_APPICON_NAME = AppIcon;
				INFOPLIST_FILE = CKIndicatorViewTest/Info.plist;
				IPHONEOS_DEPLOYMENT_TARGET = 10.0;
				LD_RUNPATH_SEARCH_PATHS = "$(inherited) @executable_path/Frameworks";
				PRODUCT_BUNDLE_IDENTIFIER = "Channing-Kuo.CKIndicatorViewTest";
				PRODUCT_NAME = "$(TARGET_NAME)";
				SWIFT_VERSION = 3.0;
			};
			name = Release;
		};
/* End XCBuildConfiguration section */

/* Begin XCConfigurationList section */
		D711D1DF1EA9F59D00DB4F70 /* Build configuration list for PBXProject "CKIndicatorViewTest" */ = {
			isa = XCConfigurationList;
			buildConfigurations = (
				D711D1F71EA9F59D00DB4F70 /* Debug */,
				D711D1F81EA9F59D00DB4F70 /* Release */,
			);
			defaultConfigurationIsVisible = 0;
			defaultConfigurationName = Release;
		};
		D711D1F91EA9F59D00DB4F70 /* Build configuration list for PBXNativeTarget "CKIndicatorViewTest" */ = {
			isa = XCConfigurationList;
			buildConfigurations = (
				D711D1FA1EA9F59D00DB4F70 /* Debug */,
				D711D1FB1EA9F59D00DB4F70 /* Release */,
			);
			defaultConfigurationIsVisible = 0;
			defaultConfigurationName = Release;
		};
/* End XCConfigurationList section */

/* Begin XCVersionGroup section */
		D711D1EE1EA9F59D00DB4F70 /* CKIndicatorViewTest.xcdatamodeld */ = {
			isa = XCVersionGroup;
			children = (
				D711D1EF1EA9F59D00DB4F70 /* CKIndicatorViewTest.xcdatamodel */,
			);
			currentVersion = D711D1EF1EA9F59D00DB4F70 /* CKIndicatorViewTest.xcdatamodel */;
			path = CKIndicatorViewTest.xcdatamodeld;
			sourceTree = "<group>";
			versionGroupType = wrapper.xcdatamodel;
		};
/* End XCVersionGroup section */
	};
	rootObject = D711D1DC1EA9F59D00DB4F70 /* Project object */;
}
